
Microsoft Visual Studio Solution File, Format Version 12.00
# Visual Studio Version 17
VisualStudioVersion = 17.9.34728.123
MinimumVisualStudioVersion = 10.0.40219.1
Project("{FAE04EC0-301F-11D3-BF4B-00C04F79EFBC}") = "HolaBase", "HolaBase\HolaBase.csproj", "{EA490B49-C357-4C3B-8C22-289FB03C4968}"
EndProject
Project("{FAE04EC0-301F-11D3-BF4B-00C04F79EFBC}") = "WPFApp", "WPFApp\WPFApp.csproj", "{6E306EBE-08C5-4869-B295-4AD41EBA6A3B}"
EndProject
Global
	GlobalSection(SolutionConfigurationPlatforms) = preSolution
		Debug|Any CPU = Debug|Any CPU
		Release|Any CPU = Release|Any CPU
	EndGlobalSection
	GlobalSection(ProjectConfigurationPlatforms) = postSolution
		{EA490B49-C357-4C3B-8C22-289FB03C4968}.Debug|Any CPU.ActiveCfg = Debug|Any CPU
		{EA490B49-C357-4C3B-8C22-289FB03C4968}.Debug|Any CPU.Build.0 = Debug|Any CPU
		{EA490B49-C357-4C3B-8C22-289FB03C4968}.Release|Any CPU.ActiveCfg = Release|Any CPU
		{EA490B49-C357-4C3B-8C22-289FB03C4968}.Release|Any CPU.Build.0 = Release|Any CPU
		{6E306EBE-08C5-4869-B295-4AD41EBA6A3B}.Debug|Any CPU.ActiveCfg = Debug|Any CPU
		{6E306EBE-08C5-4869-B295-4AD41EBA6A3B}.Debug|Any CPU.Build.0 = Debug|Any CPU
		{6E306EBE-08C5-4869-B295-4AD41EBA6A3B}.Release|Any CPU.ActiveCfg = Release|Any CPU
		{6E306EBE-08C5-4869-B295-4AD41EBA6A3B}.Release|Any CPU.Build.0 = Release|Any CPU
	EndGlobalSection
	GlobalSection(SolutionProperties) = preSolution
		HideSolutionNode = FALSE
	EndGlobalSection
	GlobalSection(ExtensibilityGlobals) = postSolution
		SolutionGuid = {3279D686-2111-4925-934C-ACB70307FBC4}
	EndGlobalSection
EndGlobal
